// !$*UTF8*$!
{
	archiveVersion = 1;
	classes = {
	};
	objectVersion = 46;
	objects = {

/* Begin PBXBuildFile section */
		344AA24A1CC6AC6000EFE3EE /* main.m in Sources */ = {isa = PBXBuildFile; fileRef = 344AA2491CC6AC6000EFE3EE /* main.m */; };
		344AA24D1CC6AC6000EFE3EE /* AppDelegate.m in Sources */ = {isa = PBXBuildFile; fileRef = 344AA24C1CC6AC6000EFE3EE /* AppDelegate.m */; };
		344AA2551CC6AC6000EFE3EE /* Assets.xcassets in Resources */ = {isa = PBXBuildFile; fileRef = 344AA2541CC6AC6000EFE3EE /* Assets.xcassets */; };
		344AA2581CC6AC6000EFE3EE /* LaunchScreen.storyboard in Resources */ = {isa = PBXBuildFile; fileRef = 344AA2561CC6AC6000EFE3EE /* LaunchScreen.storyboard */; };
		344AA2631CC6AC6000EFE3EE /* iOS_rotate_demoTests.m in Sources */ = {isa = PBXBuildFile; fileRef = 344AA2621CC6AC6000EFE3EE /* iOS_rotate_demoTests.m */; };
		344AA26E1CC6AC6000EFE3EE /* iOS_rotate_demoUITests.m in Sources */ = {isa = PBXBuildFile; fileRef = 344AA26D1CC6AC6000EFE3EE /* iOS_rotate_demoUITests.m */; };
		344AA27D1CC6ACE200EFE3EE /* TabBarController.m in Sources */ = {isa = PBXBuildFile; fileRef = 344AA27C1CC6ACE200EFE3EE /* TabBarController.m */; };
		344AA2801CC6AD2300EFE3EE /* A_Controller.m in Sources */ = {isa = PBXBuildFile; fileRef = 344AA27F1CC6AD2300EFE3EE /* A_Controller.m */; };
		344AA2831CC6AD3700EFE3EE /* B_Controller.m in Sources */ = {isa = PBXBuildFile; fileRef = 344AA2821CC6AD3700EFE3EE /* B_Controller.m */; };
/* End PBXBuildFile section */

/* Begin PBXContainerItemProxy section */
		344AA25F1CC6AC6000EFE3EE /* PBXContainerItemProxy */ = {
			isa = PBXContainerItemProxy;
			containerPortal = 344AA23D1CC6AC6000EFE3EE /* Project object */;
			proxyType = 1;
			remoteGlobalIDString = 344AA2441CC6AC6000EFE3EE;
			remoteInfo = "iOS-rotate-demo";
		};
		344AA26A1CC6AC6000EFE3EE /* PBXContainerItemProxy */ = {
			isa = PBXContainerItemProxy;
			containerPortal = 344AA23D1CC6AC6000EFE3EE /* Project object */;
			proxyType = 1;
			remoteGlobalIDString = 344AA2441CC6AC6000EFE3EE;
			remoteInfo = "iOS-rotate-demo";
		};
/* End PBXContainerItemProxy section */

/* Begin PBXFileReference section */
		344AA2451CC6AC6000EFE3EE /* iOS-rotate-demo.app */ = {isa = PBXFileReference; explicitFileType = wrapper.application; includeInIndex = 0; path = "iOS-rotate-demo.app"; sourceTree = BUILT_PRODUCTS_DIR; };
		344AA2491CC6AC6000EFE3EE /* main.m */ = {isa = PBXFileReference; lastKnownFileType = sourcecode.c.objc; path = main.m; sourceTree = "<group>"; };
		344AA24B1CC6AC6000EFE3EE /* AppDelegate.h */ = {isa = PBXFileReference; lastKnownFileType = sourcecode.c.h; path = AppDelegate.h; sourceTree = "<group>"; };
		344AA24C1CC6AC6000EFE3EE /* AppDelegate.m */ = {isa = PBXFileReference; lastKnownFileType = sourcecode.c.objc; path = AppDelegate.m; sourceTree = "<group>"; };
		344AA2541CC6AC6000EFE3EE /* Assets.xcassets */ = {isa = PBXFileReference; lastKnownFileType = folder.assetcatalog; path = Assets.xcassets; sourceTree = "<group>"; };
		344AA2571CC6AC6000EFE3EE /* Base */ = {isa = PBXFileReference; lastKnownFileType = file.storyboard; name = Base; path = Base.lproj/LaunchScreen.storyboard; sourceTree = "<group>"; };
		344AA2591CC6AC6000EFE3EE /* Info.plist */ = {isa = PBXFileReference; lastKnownFileType = text.plist.xml; path = Info.plist; sourceTree = "<group>"; };
		344AA25E1CC6AC6000EFE3EE /* iOS-rotate-demoTests.xctest */ = {isa = PBXFileReference; explicitFileType = wrapper.cfbundle; includeInIndex = 0; path = "iOS-rotate-demoTests.xctest"; sourceTree = BUILT_PRODUCTS_DIR; };
		344AA2621CC6AC6000EFE3EE /* iOS_rotate_demoTests.m */ = {isa = PBXFileReference; lastKnownFileType = sourcecode.c.objc; path = iOS_rotate_demoTests.m; sourceTree = "<group>"; };
		344AA2641CC6AC6000EFE3EE /* Info.plist */ = {isa = PBXFileReference; lastKnownFileType = text.plist.xml; path = Info.plist; sourceTree = "<group>"; };
		344AA2691CC6AC6000EFE3EE /* iOS-rotate-demoUITests.xctest */ = {isa = PBXFileReference; explicitFileType = wrapper.cfbundle; includeInIndex = 0; path = "iOS-rotate-demoUITests.xctest"; sourceTree = BUILT_PRODUCTS_DIR; };
		344AA26D1CC6AC6000EFE3EE /* iOS_rotate_demoUITests.m */ = {isa = PBXFileReference; lastKnownFileType = sourcecode.c.objc; path = iOS_rotate_demoUITests.m; sourceTree = "<group>"; };
		344AA26F1CC6AC6000EFE3EE /* Info.plist */ = {isa = PBXFileReference; lastKnownFileType = text.plist.xml; path = Info.plist; sourceTree = "<group>"; };
		344AA27B1CC6ACE200EFE3EE /* TabBarController.h */ = {isa = PBXFileReference; fileEncoding = 4; lastKnownFileType = sourcecode.c.h; path = TabBarController.h; sourceTree = "<group>"; };
		344AA27C1CC6ACE200EFE3EE /* TabBarController.m */ = {isa = PBXFileReference; fileEncoding = 4; lastKnownFileType = sourcecode.c.objc; path = TabBarController.m; sourceTree = "<group>"; };
		344AA27E1CC6AD2300EFE3EE /* A_Controller.h */ = {isa = PBXFileReference; fileEncoding = 4; lastKnownFileType = sourcecode.c.h; path = A_Controller.h; sourceTree = "<group>"; };
		344AA27F1CC6AD2300EFE3EE /* A_Controller.m */ = {isa = PBXFileReference; fileEncoding = 4; lastKnownFileType = sourcecode.c.objc; path = A_Controller.m; sourceTree = "<group>"; };
		344AA2811CC6AD3700EFE3EE /* B_Controller.h */ = {isa = PBXFileReference; fileEncoding = 4; lastKnownFileType = sourcecode.c.h; path = B_Controller.h; sourceTree = "<group>"; };
		344AA2821CC6AD3700EFE3EE /* B_Controller.m */ = {isa = PBXFileReference; fileEncoding = 4; lastKnownFileType = sourcecode.c.objc; path = B_Controller.m; sourceTree = "<group>"; };
/* End PBXFileReference section */

/* Begin PBXFrameworksBuildPhase section */
		344AA2421CC6AC6000EFE3EE /* Frameworks */ = {
			isa = PBXFrameworksBuildPhase;
			buildActionMask = 2147483647;
			files = (
			);
			runOnlyForDeploymentPostprocessing = 0;
		};
		344AA25B1CC6AC6000EFE3EE /* Frameworks */ = {
			isa = PBXFrameworksBuildPhase;
			buildActionMask = 2147483647;
			files = (
			);
			runOnlyForDeploymentPostprocessing = 0;
		};
		344AA2661CC6AC6000EFE3EE /* Frameworks */ = {
			isa = PBXFrameworksBuildPhase;
			buildActionMask = 2147483647;
			files = (
			);
			runOnlyForDeploymentPostprocessing = 0;
		};
/* End PBXFrameworksBuildPhase section */

/* Begin PBXGroup section */
		344AA23C1CC6AC6000EFE3EE = {
			isa = PBXGroup;
			children = (
				344AA2471CC6AC6000EFE3EE /* iOS-rotate-demo */,
				344AA2611CC6AC6000EFE3EE /* iOS-rotate-demoTests */,
				344AA26C1CC6AC6000EFE3EE /* iOS-rotate-demoUITests */,
				344AA2461CC6AC6000EFE3EE /* Products */,
			);
			sourceTree = "<group>";
		};
		344AA2461CC6AC6000EFE3EE /* Products */ = {
			isa = PBXGroup;
			children = (
				344AA2451CC6AC6000EFE3EE /* iOS-rotate-demo.app */,
				344AA25E1CC6AC6000EFE3EE /* iOS-rotate-demoTests.xctest */,
				344AA2691CC6AC6000EFE3EE /* iOS-rotate-demoUITests.xctest */,
			);
			name = Products;
			sourceTree = "<group>";
		};
		344AA2471CC6AC6000EFE3EE /* iOS-rotate-demo */ = {
			isa = PBXGroup;
			children = (
				344AA24B1CC6AC6000EFE3EE /* AppDelegate.h */,
				344AA24C1CC6AC6000EFE3EE /* AppDelegate.m */,
				344AA27B1CC6ACE200EFE3EE /* TabBarController.h */,
				344AA27C1CC6ACE200EFE3EE /* TabBarController.m */,
				344AA27E1CC6AD2300EFE3EE /* A_Controller.h */,
				344AA27F1CC6AD2300EFE3EE /* A_Controller.m */,
				344AA2811CC6AD3700EFE3EE /* B_Controller.h */,
				344AA2821CC6AD3700EFE3EE /* B_Controller.m */,
				344AA2481CC6AC6000EFE3EE /* Supporting Files */,
			);
			path = "iOS-rotate-demo";
			sourceTree = "<group>";
		};
		344AA2481CC6AC6000EFE3EE /* Supporting Files */ = {
			isa = PBXGroup;
			children = (
				344AA2541CC6AC6000EFE3EE /* Assets.xcassets */,
				344AA2561CC6AC6000EFE3EE /* LaunchScreen.storyboard */,
				344AA2591CC6AC6000EFE3EE /* Info.plist */,
				344AA2491CC6AC6000EFE3EE /* main.m */,
			);
			name = "Supporting Files";
			sourceTree = "<group>";
		};
		344AA2611CC6AC6000EFE3EE /* iOS-rotate-demoTests */ = {
			isa = PBXGroup;
			children = (
				344AA2621CC6AC6000EFE3EE /* iOS_rotate_demoTests.m */,
				344AA2641CC6AC6000EFE3EE /* Info.plist */,
			);
			path = "iOS-rotate-demoTests";
			sourceTree = "<group>";
		};
		344AA26C1CC6AC6000EFE3EE /* iOS-rotate-demoUITests */ = {
			isa = PBXGroup;
			children = (
				344AA26D1CC6AC6000EFE3EE /* iOS_rotate_demoUITests.m */,
				344AA26F1CC6AC6000EFE3EE /* Info.plist */,
			);
			path = "iOS-rotate-demoUITests";
			sourceTree = "<group>";
		};
/* End PBXGroup section */

/* Begin PBXNativeTarget section */
		344AA2441CC6AC6000EFE3EE /* iOS-rotate-demo */ = {
			isa = PBXNativeTarget;
			buildConfigurationList = 344AA2721CC6AC6000EFE3EE /* Build configuration list for PBXNativeTarget "iOS-rotate-demo" */;
			buildPhases = (
				344AA2411CC6AC6000EFE3EE /* Sources */,
				344AA2421CC6AC6000EFE3EE /* Frameworks */,
				344AA2431CC6AC6000EFE3EE /* Resources */,
			);
			buildRules = (
			);
			dependencies = (
			);
			name = "iOS-rotate-demo";
			productName = "iOS-rotate-demo";
			productReference = 344AA2451CC6AC6000EFE3EE /* iOS-rotate-demo.app */;
			productType = "com.apple.product-type.application";
		};
		344AA25D1CC6AC6000EFE3EE /* iOS-rotate-demoTests */ = {
			isa = PBXNativeTarget;
			buildConfigurationList = 344AA2751CC6AC6000EFE3EE /* Build configuration list for PBXNativeTarget "iOS-rotate-demoTests" */;
			buildPhases = (
				344AA25A1CC6AC6000EFE3EE /* Sources */,
				344AA25B1CC6AC6000EFE3EE /* Frameworks */,
				344AA25C1CC6AC6000EFE3EE /* Resources */,
			);
			buildRules = (
			);
			dependencies = (
				344AA2601CC6AC6000EFE3EE /* PBXTargetDependency */,
			);
			name = "iOS-rotate-demoTests";
			productName = "iOS-rotate-demoTests";
			productReference = 344AA25E1CC6AC6000EFE3EE /* iOS-rotate-demoTests.xctest */;
			productType = "com.apple.product-type.bundle.unit-test";
		};
		344AA2681CC6AC6000EFE3EE /* iOS-rotate-demoUITests */ = {
			isa = PBXNativeTarget;
			buildConfigurationList = 344AA2781CC6AC6000EFE3EE /* Build configuration list for PBXNativeTarget "iOS-rotate-demoUITests" */;
			buildPhases = (
				344AA2651CC6AC6000EFE3EE /* Sources */,
				344AA2661CC6AC6000EFE3EE /* Frameworks */,
				344AA2671CC6AC6000EFE3EE /* Resources */,
			);
			buildRules = (
			);
			dependencies = (
				344AA26B1CC6AC6000EFE3EE /* PBXTargetDependency */,
			);
			name = "iOS-rotate-demoUITests";
			productName = "iOS-rotate-demoUITests";
			productReference = 344AA2691CC6AC6000EFE3EE /* iOS-rotate-demoUITests.xctest */;
			productType = "com.apple.product-type.bundle.ui-testing";
		};
/* End PBXNativeTarget section */

/* Begin PBXProject section */
		344AA23D1CC6AC6000EFE3EE /* Project object */ = {
			isa = PBXProject;
			attributes = {
				LastUpgradeCheck = 0730;
				ORGANIZATIONNAME = Dvel;
				TargetAttributes = {
					344AA2441CC6AC6000EFE3EE = {
						CreatedOnToolsVersion = 7.3;
					};
					344AA25D1CC6AC6000EFE3EE = {
						CreatedOnToolsVersion = 7.3;
						TestTargetID = 344AA2441CC6AC6000EFE3EE;
					};
					344AA2681CC6AC6000EFE3EE = {
						CreatedOnToolsVersion = 7.3;
						TestTargetID = 344AA2441CC6AC6000EFE3EE;
					};
				};
			};
			buildConfigurationList = 344AA2401CC6AC6000EFE3EE /* Build configuration list for PBXProject "iOS-rotate-demo" */;
			compatibilityVersion = "Xcode 3.2";
			developmentRegion = English;
			hasScannedForEncodings = 0;
			knownRegions = (
				en,
				Base,
			);
			mainGroup = 344AA23C1CC6AC6000EFE3EE;
			productRefGroup = 344AA2461CC6AC6000EFE3EE /* Products */;
			projectDirPath = "";
			projectRoot = "";
			targets = (
				344AA2441CC6AC6000EFE3EE /* iOS-rotate-demo */,
				344AA25D1CC6AC6000EFE3EE /* iOS-rotate-demoTests */,
				344AA2681CC6AC6000EFE3EE /* iOS-rotate-demoUITests */,
			);
		};
/* End PBXProject section */

/* Begin PBXResourcesBuildPhase section */
		344AA2431CC6AC6000EFE3EE /* Resources */ = {
			isa = PBXResourcesBuildPhase;
			buildActionMask = 2147483647;
			files = (
				344AA2581CC6AC6000EFE3EE /* LaunchScreen.storyboard in Resources */,
				344AA2551CC6AC6000EFE3EE /* Assets.xcassets in Resources */,
			);
			runOnlyForDeploymentPostprocessing = 0;
		};
		344AA25C1CC6AC6000EFE3EE /* Resources */ = {
			isa = PBXResourcesBuildPhase;
			buildActionMask = 2147483647;
			files = (
			);
			runOnlyForDeploymentPostprocessing = 0;
		};
		344AA2671CC6AC6000EFE3EE /* Resources */ = {
			isa = PBXResourcesBuildPhase;
			buildActionMask = 2147483647;
			files = (
			);
			runOnlyForDeploymentPostprocessing = 0;
		};
/* End PBXResourcesBuildPhase section */

/* Begin PBXSourcesBuildPhase section */
		344AA2411CC6AC6000EFE3EE /* Sources */ = {
			isa = PBXSourcesBuildPhase;
			buildActionMask = 2147483647;
			files = (
				344AA27D1CC6ACE200EFE3EE /* TabBarController.m in Sources */,
				344AA2801CC6AD2300EFE3EE /* A_Controller.m in Sources */,
				344AA2831CC6AD3700EFE3EE /* B_Controller.m in Sources */,
				344AA24D1CC6AC6000EFE3EE /* AppDelegate.m in Sources */,
				344AA24A1CC6AC6000EFE3EE /* main.m in Sources */,
			);
			runOnlyForDeploymentPostprocessing = 0;
		};
		344AA25A1CC6AC6000EFE3EE /* Sources */ = {
			isa = PBXSourcesBuildPhase;
			buildActionMask = 2147483647;
			files = (
				344AA2631CC6AC6000EFE3EE /* iOS_rotate_demoTests.m in Sources */,
			);
			runOnlyForDeploymentPostprocessing = 0;
		};
		344AA2651CC6AC6000EFE3EE /* Sources */ = {
			isa = PBXSourcesBuildPhase;
			buildActionMask = 2147483647;
			files = (
				344AA26E1CC6AC6000EFE3EE /* iOS_rotate_demoUITests.m in Sources */,
			);
			runOnlyForDeploymentPostprocessing = 0;
		};
/* End PBXSourcesBuildPhase section */

/* Begin PBXTargetDependency section */
		344AA2601CC6AC6000EFE3EE /* PBXTargetDependency */ = {
			isa = PBXTargetDependency;
			target = 344AA2441CC6AC6000EFE3EE /* iOS-rotate-demo */;
			targetProxy = 344AA25F1CC6AC6000EFE3EE /* PBXContainerItemProxy */;
		};
		344AA26B1CC6AC6000EFE3EE /* PBXTargetDependency */ = {
			isa = PBXTargetDependency;
			target = 344AA2441CC6AC6000EFE3EE /* iOS-rotate-demo */;
			targetProxy = 344AA26A1CC6AC6000EFE3EE /* PBXContainerItemProxy */;
		};
/* End PBXTargetDependency section */

/* Begin PBXVariantGroup section */
		344AA2561CC6AC6000EFE3EE /* LaunchScreen.storyboard */ = {
			isa = PBXVariantGroup;
			children = (
				344AA2571CC6AC6000EFE3EE /* Base */,
			);
			name = LaunchScreen.storyboard;
			sourceTree = "<group>";
		};
/* End PBXVariantGroup section */

/* Begin XCBuildConfiguration section */
		344AA2701CC6AC6000EFE3EE /* Debug */ = {
			isa = XCBuildConfiguration;
			buildSettings = {
				ALWAYS_SEARCH_USER_PATHS = NO;
				CLANG_ANALYZER_NONNULL = YES;
				CLANG_CXX_LANGUAGE_STANDARD = "gnu++0x";
				CLANG_CXX_LIBRARY = "libc++";
				CLANG_ENABLE_MODULES = YES;
				CLANG_ENABLE_OBJC_ARC = YES;
				CLANG_WARN_BOOL_CONVERSION = YES;
				CLANG_WARN_CONSTANT_CONVERSION = YES;
				CLANG_WARN_DIRECT_OBJC_ISA_USAGE = YES_ERROR;
				CLANG_WARN_EMPTY_BODY = YES;
				CLANG_WARN_ENUM_CONVERSION = YES;
				CLANG_WARN_INT_CONVERSION = YES;
				CLANG_WARN_OBJC_ROOT_CLASS = YES_ERROR;
				CLANG_WARN_UNREACHABLE_CODE = YES;
				CLANG_WARN__DUPLICATE_METHOD_MATCH = YES;
				"CODE_SIGN_IDENTITY[sdk=iphoneos*]" = "iPhone Developer";
				COPY_PHASE_STRIP = NO;
				DEBUG_INFORMATION_FORMAT = dwarf;
				ENABLE_STRICT_OBJC_MSGSEND = YES;
				ENABLE_TESTABILITY = YES;
				GCC_C_LANGUAGE_STANDARD = gnu99;
				GCC_DYNAMIC_NO_PIC = NO;
				GCC_NO_COMMON_BLOCKS = YES;
				GCC_OPTIMIZATION_LEVEL = 0;
				GCC_PREPROCESSOR_DEFINITIONS = (
					"DEBUG=1",
					"$(inherited)",
				);
				GCC_WARN_64_TO_32_BIT_CONVERSION = YES;
				GCC_WARN_ABOUT_RETURN_TYPE = YES_ERROR;
				GCC_WARN_UNDECLARED_SELECTOR = YES;
				GCC_WARN_UNINITIALIZED_AUTOS = YES_AGGRESSIVE;
				GCC_WARN_UNUSED_FUNCTION = YES;
				GCC_WARN_UNUSED_VARIABLE = YES;
				IPHONEOS_DEPLOYMENT_TARGET = 9.3;
				MTL_ENABLE_DEBUG_INFO = YES;
				ONLY_ACTIVE_ARCH = YES;
				SDKROOT = iphoneos;
			};
			name = Debug;
		};
		344AA2711CC6AC6000EFE3EE /* Release */ = {
			isa = XCBuildConfiguration;
			buildSettings = {
				ALWAYS_SEARCH_USER_PATHS = NO;
				CLANG_ANALYZER_NONNULL = YES;
				CLANG_CXX_LANGUAGE_STANDARD = "gnu++0x";
				CLANG_CXX_LIBRARY = "libc++";
				CLANG_ENABLE_MODULES = YES;
				CLANG_ENABLE_OBJC_ARC = YES;
				CLANG_WARN_BOOL_CONVERSION = YES;
				CLANG_WARN_CONSTANT_CONVERSION = YES;
				CLANG_WARN_DIRECT_OBJC_ISA_USAGE = YES_ERROR;
				CLANG_WARN_EMPTY_BODY = YES;
				CLANG_WARN_ENUM_CONVERSION = YES;
				CLANG_WARN_INT_CONVERSION = YES;
				CLANG_WARN_OBJC_ROOT_CLASS = YES_ERROR;
				CLANG_WARN_UNREACHABLE_CODE = YES;
				CLANG_WARN__DUPLICATE_METHOD_MATCH = YES;
				"CODE_SIGN_IDENTITY[sdk=iphoneos*]" = "iPhone Developer";
				COPY_PHASE_STRIP = NO;
				DEBUG_INFORMATION_FORMAT = "dwarf-with-dsym";
				ENABLE_NS_ASSERTIONS = NO;
				ENABLE_STRICT_OBJC_MSGSEND = YES;
				GCC_C_LANGUAGE_STANDARD = gnu99;
				GCC_NO_COMMON_BLOCKS = YES;
				GCC_WARN_64_TO_32_BIT_CONVERSION = YES;
				GCC_WARN_ABOUT_RETURN_TYPE = YES_ERROR;
				GCC_WARN_UNDECLARED_SELECTOR = YES;
				GCC_WARN_UNINITIALIZED_AUTOS = YES_AGGRESSIVE;
				GCC_WARN_UNUSED_FUNCTION = YES;
				GCC_WARN_UNUSED_VARIABLE = YES;
				IPHONEOS_DEPLOYMENT_TARGET = 9.3;
				MTL_ENABLE_DEBUG_INFO = NO;
				SDKROOT = iphoneos;
				VALIDATE_PRODUCT = YES;
			};
			name = Release;
		};
		344AA2731CC6AC6000EFE3EE /* Debug */ = {
			isa = XCBuildConfiguration;
			buildSettings = {
				ASSETCATALOG_COMPILER_APPICON_NAME = AppIcon;
				INFOPLIST_FILE = "iOS-rotate-demo/Info.plist";
				LD_RUNPATH_SEARCH_PATHS = "$(inherited) @executable_path/Frameworks";
				PRODUCT_BUNDLE_IDENTIFIER = "cc.dvel.iOS-rotate-demo";
				PRODUCT_NAME = "$(TARGET_NAME)";
			};
			name = Debug;
		};
		344AA2741CC6AC6000EFE3EE /* Release */ = {
			isa = XCBuildConfiguration;
			buildSettings = {
				ASSETCATALOG_COMPILER_APPICON_NAME = AppIcon;
				INFOPLIST_FILE = "iOS-rotate-demo/Info.plist";
				LD_RUNPATH_SEARCH_PATHS = "$(inherited) @executable_path/Frameworks";
				PRODUCT_BUNDLE_IDENTIFIER = "cc.dvel.iOS-rotate-demo";
				PRODUCT_NAME = "$(TARGET_NAME)";
			};
			name = Release;
		};
		344AA2761CC6AC6000EFE3EE /* Debug */ = {
			isa = XCBuildConfiguration;
			buildSettings = {
				BUNDLE_LOADER = "$(TEST_HOST)";
				INFOPLIST_FILE = "iOS-rotate-demoTests/Info.plist";
				LD_RUNPATH_SEARCH_PATHS = "$(inherited) @executable_path/Frameworks @loader_path/Frameworks";
				PRODUCT_BUNDLE_IDENTIFIER = "cc.dvel.iOS-rotate-demoTests";
				PRODUCT_NAME = "$(TARGET_NAME)";
				TEST_HOST = "$(BUILT_PRODUCTS_DIR)/iOS-rotate-demo.app/iOS-rotate-demo";
			};
			name = Debug;
		};
		344AA2771CC6AC6000EFE3EE /* Release */ = {
			isa = XCBuildConfiguration;
			buildSettings = {
				BUNDLE_LOADER = "$(TEST_HOST)";
				INFOPLIST_FILE = "iOS-rotate-demoTests/Info.plist";
				LD_RUNPATH_SEARCH_PATHS = "$(inherited) @executable_path/Frameworks @loader_path/Frameworks";
				PRODUCT_BUNDLE_IDENTIFIER = "cc.dvel.iOS-rotate-demoTests";
				PRODUCT_NAME = "$(TARGET_NAME)";
				TEST_HOST = "$(BUILT_PRODUCTS_DIR)/iOS-rotate-demo.app/iOS-rotate-demo";
			};
			name = Release;
		};
		344AA2791CC6AC6000EFE3EE /* Debug */ = {
			isa = XCBuildConfiguration;
			buildSettings = {
				INFOPLIST_FILE = "iOS-rotate-demoUITests/Info.plist";
				LD_RUNPATH_SEARCH_PATHS = "$(inherited) @executable_path/Frameworks @loader_path/Frameworks";
				PRODUCT_BUNDLE_IDENTIFIER = "cc.dvel.iOS-rotate-demoUITests";
				PRODUCT_NAME = "$(TARGET_NAME)";
				TEST_TARGET_NAME = "iOS-rotate-demo";
			};
			name = Debug;
		};
		344AA27A1CC6AC6000EFE3EE /* Release */ = {
			isa = XCBuildConfiguration;
			buildSettings = {
				INFOPLIST_FILE = "iOS-rotate-demoUITests/Info.plist";
				LD_RUNPATH_SEARCH_PATHS = "$(inherited) @executable_path/Frameworks @loader_path/Frameworks";
				PRODUCT_BUNDLE_IDENTIFIER = "cc.dvel.iOS-rotate-demoUITests";
				PRODUCT_NAME = "$(TARGET_NAME)";
				TEST_TARGET_NAME = "iOS-rotate-demo";
			};
			name = Release;
		};
/* End XCBuildConfiguration section */

/* Begin XCConfigurationList section */
		344AA2401CC6AC6000EFE3EE /* Build configuration list for PBXProject "iOS-rotate-demo" */ = {
			isa = XCConfigurationList;
			buildConfigurations = (
				344AA2701CC6AC6000EFE3EE /* Debug */,
				344AA2711CC6AC6000EFE3EE /* Release */,
			);
			defaultConfigurationIsVisible = 0;
			defaultConfigurationName = Release;
		};
		344AA2721CC6AC6000EFE3EE /* Build configuration list for PBXNativeTarget "iOS-rotate-demo" */ = {
			isa = XCConfigurationList;
			buildConfigurations = (
				344AA2731CC6AC6000EFE3EE /* Debug */,
				344AA2741CC6AC6000EFE3EE /* Release */,
			);
			defaultConfigurationIsVisible = 0;
			defaultConfigurationName = Release;
		};
		344AA2751CC6AC6000EFE3EE /* Build configuration list for PBXNativeTarget "iOS-rotate-demoTests" */ = {
			isa = XCConfigurationList;
			buildConfigurations = (
				344AA2761CC6AC6000EFE3EE /* Debug */,
				344AA2771CC6AC6000EFE3EE /* Release */,
			);
			defaultConfigurationIsVisible = 0;
			defaultConfigurationName = Release;
		};
		344AA2781CC6AC6000EFE3EE /* Build configuration list for PBXNativeTarget "iOS-rotate-demoUITests" */ = {
			isa = XCConfigurationList;
			buildConfigurations = (
				344AA2791CC6AC6000EFE3EE /* Debug */,
				344AA27A1CC6AC6000EFE3EE /* Release */,
			);
			defaultConfigurationIsVisible = 0;
			defaultConfigurationName = Release;
		};
/* End XCConfigurationList section */
	};
	rootObject = 344AA23D1CC6AC6000EFE3EE /* Project object */;
}
